
Microsoft Visual Studio Solution File, Format Version 12.00
# Visual Studio Version 17
VisualStudioVersion = 17.0.31903.59
MinimumVisualStudioVersion = 10.0.40219.1
Project("{FAE04EC0-301F-11D3-BF4B-00C04F79EFBC}") = "Task.API", "Task.API\Task.API.csproj", "{DB092F76-7CB5-4AB7-A51B-F5EA87EAFE01}"
EndProject
Project("{FAE04EC0-301F-11D3-BF4B-00C04F79EFBC}") = "Tests", "Tests\Tests.csproj", "{F6F319E4-3D85-4145-8AD1-410B4CD93048}"
EndProject
Global
	GlobalSection(SolutionConfigurationPlatforms) = preSolution
		Debug|Any CPU = Debug|Any CPU
		Release|Any CPU = Release|Any CPU
	EndGlobalSection
	GlobalSection(SolutionProperties) = preSolution
		HideSolutionNode = FALSE
	EndGlobalSection
	GlobalSection(ProjectConfigurationPlatforms) = postSolution
		{DB092F76-7CB5-4AB7-A51B-F5EA87EAFE01}.Debug|Any CPU.ActiveCfg = Debug|Any CPU
		{DB092F76-7CB5-4AB7-A51B-F5EA87EAFE01}.Debug|Any CPU.Build.0 = Debug|Any CPU
		{DB092F76-7CB5-4AB7-A51B-F5EA87EAFE01}.Release|Any CPU.ActiveCfg = Release|Any CPU
		{DB092F76-7CB5-4AB7-A51B-F5EA87EAFE01}.Release|Any CPU.Build.0 = Release|Any CPU
		{F6F319E4-3D85-4145-8AD1-410B4CD93048}.Debug|Any CPU.ActiveCfg = Debug|Any CPU
		{F6F319E4-3D85-4145-8AD1-410B4CD93048}.Debug|Any CPU.Build.0 = Debug|Any CPU
		{F6F319E4-3D85-4145-8AD1-410B4CD93048}.Release|Any CPU.ActiveCfg = Release|Any CPU
		{F6F319E4-3D85-4145-8AD1-410B4CD93048}.Release|Any CPU.Build.0 = Release|Any CPU
	EndGlobalSection
EndGlobal
